<?xml version="1.0" encoding="utf-8"?>
<Project ToolsVersion="4.0" xmlns="http://schemas.microsoft.com/developer/msbuild/2003">
  <ItemGroup>
    <Filter Include="Source Files">
      <UniqueIdentifier>{4FC737F1-C7A5-4376-A066-2A32D752A2FF}</UniqueIdentifier>
      <Extensions>cpp;c;cc;cxx;def;odl;idl;hpj;bat;asm;asmx</Extensions>
    </Filter>
    <Filter Include="Header Files">
      <UniqueIdentifier>{93995380-89BD-4b04-88EB-625FBE52EBFB}</UniqueIdentifier>
      <Extensions>h;hh;hpp;hxx;hm;inl;inc;xsd</Extensions>
    </Filter>
    <Filter Include="Runtime">
      <UniqueIdentifier>{95ca48a7-f618-4c72-8702-f224b8d7e8d2}</UniqueIdentifier>
    </Filter>
    <Filter Include="Loader">
      <UniqueIdentifier>{fd04f85b-3450-45b1-8b86-77378d84ab1f}</UniqueIdentifier>
    </Filter>
    <Filter Include="Timers">
      <UniqueIdentifier>{2e95bcff-c193-43a8-bf00-2f89e538c040}</UniqueIdentifier>
    </Filter>
    <Filter Include="Log">
      <UniqueIdentifier>{d6ca800d-cfbe-44e5-8ee0-1221d6bdab8e}</UniqueIdentifier>
    </Filter>
    <Filter Include="Singleton">
      <UniqueIdentifier>{5da65089-7c6d-4b6c-bc3b-e0fe0cf0d9cd}</UniqueIdentifier>
    </Filter>
    <Filter Include="AbstractFactory">
      <UniqueIdentifier>{49969f43-786f-4844-837e-906e77207178}</UniqueIdentifier>
    </Filter>
  </ItemGroup>
  <ItemGroup>
    <ClCompile Include="Common.cpp">
      <Filter>Source Files</Filter>
    </ClCompile>
    <ClCompile Include="Runtime\Runtime.cpp">
      <Filter>Runtime</Filter>
    </ClCompile>
    <ClCompile Include="Loader\Loader.cpp">
      <Filter>Loader</Filter>
    </ClCompile>
    <ClCompile Include="Timers\ElapsedTimer.cpp">
      <Filter>Timers</Filter>
    </ClCompile>
    <ClCompile Include="Singleton\Singleton.cpp">
      <Filter>Singleton</Filter>
    </ClCompile>
    <ClCompile Include="Log\Log.cpp">
      <Filter>Log</Filter>
    </ClCompile>
    <ClCompile Include="AbstractFactory\AbstractFactory.cpp">
      <Filter>AbstractFactory</Filter>
    </ClCompile>
  </ItemGroup>
  <ItemGroup>
    <ClInclude Include="Common.h">
      <Filter>Header Files</Filter>
    </ClInclude>
    <ClInclude Include="Runtime\Runtime.h">
      <Filter>Runtime</Filter>
    </ClInclude>
    <ClInclude Include="Loader\Loader.h">
      <Filter>Loader</Filter>
    </ClInclude>
    <ClInclude Include="..\Common\stl_includes.h">
      <Filter>Header Files</Filter>
    </ClInclude>
    <ClInclude Include="Timers\ElapsedTimer.h">
      <Filter>Timers</Filter>
    </ClInclude>
    <ClInclude Include="Singleton\Singleton.h">
      <Filter>Singleton</Filter>
    </ClInclude>
    <ClInclude Include="Log\Log.h">
      <Filter>Log</Filter>
    </ClInclude>
    <ClInclude Include="AbstractFactory\AbstractFactory.h">
      <Filter>AbstractFactory</Filter>
    </ClInclude>
  </ItemGroup>
</Project>